
Microsoft Visual Studio Solution File, Format Version 12.00
# Visual Studio 15
VisualStudioVersion = 15.0.27703.2042
MinimumVisualStudioVersion = 10.0.40219.1
Project("{FAE04EC0-301F-11D3-BF4B-00C04F79EFBC}") = "SIMCIC", "SIMCIC\SIMCIC.csproj", "{C3F942E2-E17E-4100-96A7-D25C9000CDF5}"
EndProject
Project("{FAE04EC0-301F-11D3-BF4B-00C04F79EFBC}") = "SIMCIC.DATA", "SIMCIC.DATA\SIMCIC.DATA.csproj", "{E06CCDA0-E63D-4650-BE5C-3280277F8550}"
EndProject
Project("{FAE04EC0-301F-11D3-BF4B-00C04F79EFBC}") = "SIMCIC.DAL", "SIMCIC.DAL\SIMCIC.DAL.csproj", "{19E26E97-510F-4A98-A9D2-6EBCE81EB313}"
EndProject
Project("{FAE04EC0-301F-11D3-BF4B-00C04F79EFBC}") = "SIMCIC.BLL", "SIMCIC.BLL\SIMCIC.BLL.csproj", "{1A293AFC-4A49-4917-9114-28A2D2F78177}"
EndProject
Global
	GlobalSection(SolutionConfigurationPlatforms) = preSolution
		Debug|Any CPU = Debug|Any CPU
		Release|Any CPU = Release|Any CPU
	EndGlobalSection
	GlobalSection(ProjectConfigurationPlatforms) = postSolution
		{C3F942E2-E17E-4100-96A7-D25C9000CDF5}.Debug|Any CPU.ActiveCfg = Debug|Any CPU
		{C3F942E2-E17E-4100-96A7-D25C9000CDF5}.Debug|Any CPU.Build.0 = Debug|Any CPU
		{C3F942E2-E17E-4100-96A7-D25C9000CDF5}.Release|Any CPU.ActiveCfg = Release|Any CPU
		{C3F942E2-E17E-4100-96A7-D25C9000CDF5}.Release|Any CPU.Build.0 = Release|Any CPU
		{E06CCDA0-E63D-4650-BE5C-3280277F8550}.Debug|Any CPU.ActiveCfg = Debug|Any CPU
		{E06CCDA0-E63D-4650-BE5C-3280277F8550}.Debug|Any CPU.Build.0 = Debug|Any CPU
		{E06CCDA0-E63D-4650-BE5C-3280277F8550}.Release|Any CPU.ActiveCfg = Release|Any CPU
		{E06CCDA0-E63D-4650-BE5C-3280277F8550}.Release|Any CPU.Build.0 = Release|Any CPU
		{19E26E97-510F-4A98-A9D2-6EBCE81EB313}.Debug|Any CPU.ActiveCfg = Debug|Any CPU
		{19E26E97-510F-4A98-A9D2-6EBCE81EB313}.Debug|Any CPU.Build.0 = Debug|Any CPU
		{19E26E97-510F-4A98-A9D2-6EBCE81EB313}.Release|Any CPU.ActiveCfg = Release|Any CPU
		{19E26E97-510F-4A98-A9D2-6EBCE81EB313}.Release|Any CPU.Build.0 = Release|Any CPU
		{1A293AFC-4A49-4917-9114-28A2D2F78177}.Debug|Any CPU.ActiveCfg = Debug|Any CPU
		{1A293AFC-4A49-4917-9114-28A2D2F78177}.Debug|Any CPU.Build.0 = Debug|Any CPU
		{1A293AFC-4A49-4917-9114-28A2D2F78177}.Release|Any CPU.ActiveCfg = Release|Any CPU
		{1A293AFC-4A49-4917-9114-28A2D2F78177}.Release|Any CPU.Build.0 = Release|Any CPU
	EndGlobalSection
	GlobalSection(SolutionProperties) = preSolution
		HideSolutionNode = FALSE
	EndGlobalSection
	GlobalSection(ExtensibilityGlobals) = postSolution
		SolutionGuid = {DEB41E26-36FB-41AC-8411-713B3C57BA6C}
	EndGlobalSection
EndGlobal
