
Microsoft Visual Studio Solution File, Format Version 12.00
# Visual Studio 15
VisualStudioVersion = 15.0.27703.2018
MinimumVisualStudioVersion = 10.0.40219.1
Project("{FAE04EC0-301F-11D3-BF4B-00C04F79EFBC}") = "SIMCIC.UI", "SIMCIC\SIMCIC.UI.csproj", "{54C4EA03-901C-4495-A91D-59F71476806F}"
EndProject
Project("{FAE04EC0-301F-11D3-BF4B-00C04F79EFBC}") = "SIMCIC.BLL", "SIMCIC.BLL\SIMCIC.BLL.csproj", "{DB00EB7D-78B2-417B-AF54-367AA93A8C64}"
EndProject
Project("{FAE04EC0-301F-11D3-BF4B-00C04F79EFBC}") = "SIMCIC.DAL", "SIMCIC.DAL\SIMCIC.DAL.csproj", "{0C9F65C2-477D-4A7D-990A-3854C9CC0808}"
EndProject
Project("{FAE04EC0-301F-11D3-BF4B-00C04F79EFBC}") = "SIMCIC.DATA", "SIMCIC.DATA\SIMCIC.DATA.csproj", "{C513AB89-CC79-431A-8884-5B912C124BF8}"
EndProject
Global
	GlobalSection(SolutionConfigurationPlatforms) = preSolution
		Debug|Any CPU = Debug|Any CPU
		Release|Any CPU = Release|Any CPU
	EndGlobalSection
	GlobalSection(ProjectConfigurationPlatforms) = postSolution
		{54C4EA03-901C-4495-A91D-59F71476806F}.Debug|Any CPU.ActiveCfg = Debug|Any CPU
		{54C4EA03-901C-4495-A91D-59F71476806F}.Debug|Any CPU.Build.0 = Debug|Any CPU
		{54C4EA03-901C-4495-A91D-59F71476806F}.Release|Any CPU.ActiveCfg = Release|Any CPU
		{54C4EA03-901C-4495-A91D-59F71476806F}.Release|Any CPU.Build.0 = Release|Any CPU
		{DB00EB7D-78B2-417B-AF54-367AA93A8C64}.Debug|Any CPU.ActiveCfg = Debug|Any CPU
		{DB00EB7D-78B2-417B-AF54-367AA93A8C64}.Debug|Any CPU.Build.0 = Debug|Any CPU
		{DB00EB7D-78B2-417B-AF54-367AA93A8C64}.Release|Any CPU.ActiveCfg = Release|Any CPU
		{DB00EB7D-78B2-417B-AF54-367AA93A8C64}.Release|Any CPU.Build.0 = Release|Any CPU
		{0C9F65C2-477D-4A7D-990A-3854C9CC0808}.Debug|Any CPU.ActiveCfg = Debug|Any CPU
		{0C9F65C2-477D-4A7D-990A-3854C9CC0808}.Debug|Any CPU.Build.0 = Debug|Any CPU
		{0C9F65C2-477D-4A7D-990A-3854C9CC0808}.Release|Any CPU.ActiveCfg = Release|Any CPU
		{0C9F65C2-477D-4A7D-990A-3854C9CC0808}.Release|Any CPU.Build.0 = Release|Any CPU
		{C513AB89-CC79-431A-8884-5B912C124BF8}.Debug|Any CPU.ActiveCfg = Debug|Any CPU
		{C513AB89-CC79-431A-8884-5B912C124BF8}.Debug|Any CPU.Build.0 = Debug|Any CPU
		{C513AB89-CC79-431A-8884-5B912C124BF8}.Release|Any CPU.ActiveCfg = Release|Any CPU
		{C513AB89-CC79-431A-8884-5B912C124BF8}.Release|Any CPU.Build.0 = Release|Any CPU
	EndGlobalSection
	GlobalSection(SolutionProperties) = preSolution
		HideSolutionNode = FALSE
	EndGlobalSection
	GlobalSection(ExtensibilityGlobals) = postSolution
		SolutionGuid = {9A0EF612-B7FC-4E71-A49D-35DFF28C3125}
	EndGlobalSection
EndGlobal
